// !$*UTF8*$!
{
	archiveVersion = 1;
	classes = {
	};
	objectVersion = 48;
	objects = {

/* Begin PBXBuildFile section */
		C78CBEB3BD212588E68AB8A3 /* Pods_Smack.framework in Frameworks */ = {isa = PBXBuildFile; fileRef = 348B035AC3DDC3FDCC1E85AF /* Pods_Smack.framework */; };
		CC1947312024F35300712ECF /* AuthService.swift in Sources */ = {isa = PBXBuildFile; fileRef = CC1947302024F35300712ECF /* AuthService.swift */; };
		CC1947332024FC9C00712ECF /* RoundedButton.swift in Sources */ = {isa = PBXBuildFile; fileRef = CC1947322024FC9C00712ECF /* RoundedButton.swift */; };
		CC1947352029F36800712ECF /* UserDataService.swift in Sources */ = {isa = PBXBuildFile; fileRef = CC1947342029F36800712ECF /* UserDataService.swift */; };
		CC1947372029FD5D00712ECF /* AvatarPickerVC.swift in Sources */ = {isa = PBXBuildFile; fileRef = CC1947362029FD5D00712ECF /* AvatarPickerVC.swift */; };
		CC1947392029FED400712ECF /* AvatarCell.swift in Sources */ = {isa = PBXBuildFile; fileRef = CC1947382029FED400712ECF /* AvatarCell.swift */; };
		CC19473B202A2C8E00712ECF /* CircleImage.swift in Sources */ = {isa = PBXBuildFile; fileRef = CC19473A202A2C8E00712ECF /* CircleImage.swift */; };
		CC19473E202A376F00712ECF /* ProfileVC.swift in Sources */ = {isa = PBXBuildFile; fileRef = CC19473C202A376F00712ECF /* ProfileVC.swift */; };
		CC19473F202A376F00712ECF /* ProfileVC.xib in Resources */ = {isa = PBXBuildFile; fileRef = CC19473D202A376F00712ECF /* ProfileVC.xib */; };
		CC194742202B439300712ECF /* MessageService.swift in Sources */ = {isa = PBXBuildFile; fileRef = CC194741202B439300712ECF /* MessageService.swift */; };
		CC194744202B43C900712ECF /* Channel.swift in Sources */ = {isa = PBXBuildFile; fileRef = CC194743202B43C900712ECF /* Channel.swift */; };
		CC194746202B4BBF00712ECF /* ChannelCell.swift in Sources */ = {isa = PBXBuildFile; fileRef = CC194745202B4BBF00712ECF /* ChannelCell.swift */; };
		CC194749202B5D3700712ECF /* AddChannelVC.swift in Sources */ = {isa = PBXBuildFile; fileRef = CC194747202B5D3700712ECF /* AddChannelVC.swift */; };
		CC19474A202B5D3700712ECF /* AddChannelVC.xib in Resources */ = {isa = PBXBuildFile; fileRef = CC194748202B5D3700712ECF /* AddChannelVC.xib */; };
		CC19474C202B661400712ECF /* SocketService.swift in Sources */ = {isa = PBXBuildFile; fileRef = CC19474B202B661400712ECF /* SocketService.swift */; };
		CC75BB73202223A900A2FACF /* AppDelegate.swift in Sources */ = {isa = PBXBuildFile; fileRef = CC75BB72202223A900A2FACF /* AppDelegate.swift */; };
		CC75BB78202223A900A2FACF /* Main.storyboard in Resources */ = {isa = PBXBuildFile; fileRef = CC75BB76202223A900A2FACF /* Main.storyboard */; };
		CC75BB7A202223A900A2FACF /* Assets.xcassets in Resources */ = {isa = PBXBuildFile; fileRef = CC75BB79202223A900A2FACF /* Assets.xcassets */; };
		CC75BB7D202223A900A2FACF /* LaunchScreen.storyboard in Resources */ = {isa = PBXBuildFile; fileRef = CC75BB7B202223A900A2FACF /* LaunchScreen.storyboard */; };
		CC75BB8820222CEF00A2FACF /* SWRevealViewController.m in Sources */ = {isa = PBXBuildFile; fileRef = CC75BB8720222CEF00A2FACF /* SWRevealViewController.m */; };
		CC75BB8D202358DB00A2FACF /* ChatVC.swift in Sources */ = {isa = PBXBuildFile; fileRef = CC75BB8C202358DB00A2FACF /* ChatVC.swift */; };
		CC75BB8F202358EB00A2FACF /* ChannelVC.swift in Sources */ = {isa = PBXBuildFile; fileRef = CC75BB8E202358EB00A2FACF /* ChannelVC.swift */; };
		CC75BB9120235DFD00A2FACF /* GradientView.swift in Sources */ = {isa = PBXBuildFile; fileRef = CC75BB9020235DFD00A2FACF /* GradientView.swift */; };
		CC75BB942023776900A2FACF /* Constants.swift in Sources */ = {isa = PBXBuildFile; fileRef = CC75BB932023776900A2FACF /* Constants.swift */; };
		CC75BB962023927B00A2FACF /* LoginVC.swift in Sources */ = {isa = PBXBuildFile; fileRef = CC75BB952023927B00A2FACF /* LoginVC.swift */; };
		CC75BB982023942A00A2FACF /* CreateAccountVC.swift in Sources */ = {isa = PBXBuildFile; fileRef = CC75BB972023942A00A2FACF /* CreateAccountVC.swift */; };
/* End PBXBuildFile section */

/* Begin PBXFileReference section */
		348B035AC3DDC3FDCC1E85AF /* Pods_Smack.framework */ = {isa = PBXFileReference; explicitFileType = wrapper.framework; includeInIndex = 0; path = Pods_Smack.framework; sourceTree = BUILT_PRODUCTS_DIR; };
		428A4B7F1EFB9EE7197381F1 /* Pods-Smack.release.xcconfig */ = {isa = PBXFileReference; includeInIndex = 1; lastKnownFileType = text.xcconfig; name = "Pods-Smack.release.xcconfig"; path = "Pods/Target Support Files/Pods-Smack/Pods-Smack.release.xcconfig"; sourceTree = "<group>"; };
		5ACA93F8A9306349A39C6461 /* Pods-Smack.debug.xcconfig */ = {isa = PBXFileReference; includeInIndex = 1; lastKnownFileType = text.xcconfig; name = "Pods-Smack.debug.xcconfig"; path = "Pods/Target Support Files/Pods-Smack/Pods-Smack.debug.xcconfig"; sourceTree = "<group>"; };
		CC1947302024F35300712ECF /* AuthService.swift */ = {isa = PBXFileReference; lastKnownFileType = sourcecode.swift; path = AuthService.swift; sourceTree = "<group>"; };
		CC1947322024FC9C00712ECF /* RoundedButton.swift */ = {isa = PBXFileReference; lastKnownFileType = sourcecode.swift; path = RoundedButton.swift; sourceTree = "<group>"; };
		CC1947342029F36800712ECF /* UserDataService.swift */ = {isa = PBXFileReference; lastKnownFileType = sourcecode.swift; path = UserDataService.swift; sourceTree = "<group>"; };
		CC1947362029FD5D00712ECF /* AvatarPickerVC.swift */ = {isa = PBXFileReference; lastKnownFileType = sourcecode.swift; path = AvatarPickerVC.swift; sourceTree = "<group>"; };
		CC1947382029FED400712ECF /* AvatarCell.swift */ = {isa = PBXFileReference; lastKnownFileType = sourcecode.swift; path = AvatarCell.swift; sourceTree = "<group>"; };
		CC19473A202A2C8E00712ECF /* CircleImage.swift */ = {isa = PBXFileReference; lastKnownFileType = sourcecode.swift; path = CircleImage.swift; sourceTree = "<group>"; };
		CC19473C202A376F00712ECF /* ProfileVC.swift */ = {isa = PBXFileReference; lastKnownFileType = sourcecode.swift; path = ProfileVC.swift; sourceTree = "<group>"; };
		CC19473D202A376F00712ECF /* ProfileVC.xib */ = {isa = PBXFileReference; lastKnownFileType = file.xib; path = ProfileVC.xib; sourceTree = "<group>"; };
		CC194741202B439300712ECF /* MessageService.swift */ = {isa = PBXFileReference; lastKnownFileType = sourcecode.swift; path = MessageService.swift; sourceTree = "<group>"; };
		CC194743202B43C900712ECF /* Channel.swift */ = {isa = PBXFileReference; lastKnownFileType = sourcecode.swift; path = Channel.swift; sourceTree = "<group>"; };
		CC194745202B4BBF00712ECF /* ChannelCell.swift */ = {isa = PBXFileReference; lastKnownFileType = sourcecode.swift; path = ChannelCell.swift; sourceTree = "<group>"; };
		CC194747202B5D3700712ECF /* AddChannelVC.swift */ = {isa = PBXFileReference; lastKnownFileType = sourcecode.swift; path = AddChannelVC.swift; sourceTree = "<group>"; };
		CC194748202B5D3700712ECF /* AddChannelVC.xib */ = {isa = PBXFileReference; lastKnownFileType = file.xib; path = AddChannelVC.xib; sourceTree = "<group>"; };
		CC19474B202B661400712ECF /* SocketService.swift */ = {isa = PBXFileReference; lastKnownFileType = sourcecode.swift; path = SocketService.swift; sourceTree = "<group>"; };
		CC75BB6F202223A900A2FACF /* Smack.app */ = {isa = PBXFileReference; explicitFileType = wrapper.application; includeInIndex = 0; path = Smack.app; sourceTree = BUILT_PRODUCTS_DIR; };
		CC75BB72202223A900A2FACF /* AppDelegate.swift */ = {isa = PBXFileReference; lastKnownFileType = sourcecode.swift; path = AppDelegate.swift; sourceTree = "<group>"; };
		CC75BB77202223A900A2FACF /* Base */ = {isa = PBXFileReference; lastKnownFileType = file.storyboard; name = Base; path = Base.lproj/Main.storyboard; sourceTree = "<group>"; };
		CC75BB79202223A900A2FACF /* Assets.xcassets */ = {isa = PBXFileReference; lastKnownFileType = folder.assetcatalog; path = Assets.xcassets; sourceTree = "<group>"; };
		CC75BB7C202223A900A2FACF /* Base */ = {isa = PBXFileReference; lastKnownFileType = file.storyboard; name = Base; path = Base.lproj/LaunchScreen.storyboard; sourceTree = "<group>"; };
		CC75BB7E202223A900A2FACF /* Info.plist */ = {isa = PBXFileReference; lastKnownFileType = text.plist.xml; path = Info.plist; sourceTree = "<group>"; };
		CC75BB8520222CEE00A2FACF /* Smack-Bridging-Header.h */ = {isa = PBXFileReference; lastKnownFileType = sourcecode.c.h; path = "Smack-Bridging-Header.h"; sourceTree = "<group>"; };
		CC75BB8620222CEF00A2FACF /* SWRevealViewController.h */ = {isa = PBXFileReference; fileEncoding = 4; lastKnownFileType = sourcecode.c.h; path = SWRevealViewController.h; sourceTree = "<group>"; };
		CC75BB8720222CEF00A2FACF /* SWRevealViewController.m */ = {isa = PBXFileReference; fileEncoding = 4; lastKnownFileType = sourcecode.c.objc; path = SWRevealViewController.m; sourceTree = "<group>"; };
		CC75BB8C202358DB00A2FACF /* ChatVC.swift */ = {isa = PBXFileReference; lastKnownFileType = sourcecode.swift; path = ChatVC.swift; sourceTree = "<group>"; };
		CC75BB8E202358EB00A2FACF /* ChannelVC.swift */ = {isa = PBXFileReference; lastKnownFileType = sourcecode.swift; path = ChannelVC.swift; sourceTree = "<group>"; };
		CC75BB9020235DFD00A2FACF /* GradientView.swift */ = {isa = PBXFileReference; lastKnownFileType = sourcecode.swift; path = GradientView.swift; sourceTree = "<group>"; };
		CC75BB932023776900A2FACF /* Constants.swift */ = {isa = PBXFileReference; lastKnownFileType = sourcecode.swift; path = Constants.swift; sourceTree = "<group>"; };
		CC75BB952023927B00A2FACF /* LoginVC.swift */ = {isa = PBXFileReference; lastKnownFileType = sourcecode.swift; path = LoginVC.swift; sourceTree = "<group>"; };
		CC75BB972023942A00A2FACF /* CreateAccountVC.swift */ = {isa = PBXFileReference; lastKnownFileType = sourcecode.swift; path = CreateAccountVC.swift; sourceTree = "<group>"; };
/* End PBXFileReference section */

/* Begin PBXFrameworksBuildPhase section */
		CC75BB6C202223A900A2FACF /* Frameworks */ = {
			isa = PBXFrameworksBuildPhase;
			buildActionMask = 2147483647;
			files = (
				C78CBEB3BD212588E68AB8A3 /* Pods_Smack.framework in Frameworks */,
			);
			runOnlyForDeploymentPostprocessing = 0;
		};
/* End PBXFrameworksBuildPhase section */

/* Begin PBXGroup section */
		1BAD883B0A3F8745FFB1B191 /* Pods */ = {
			isa = PBXGroup;
			children = (
				5ACA93F8A9306349A39C6461 /* Pods-Smack.debug.xcconfig */,
				428A4B7F1EFB9EE7197381F1 /* Pods-Smack.release.xcconfig */,
			);
			name = Pods;
			sourceTree = "<group>";
		};
		A2B7FE61580F35AC28DEAA94 /* Frameworks */ = {
			isa = PBXGroup;
			children = (
				348B035AC3DDC3FDCC1E85AF /* Pods_Smack.framework */,
			);
			name = Frameworks;
			sourceTree = "<group>";
		};
		CC19472F2024F33B00712ECF /* Services */ = {
			isa = PBXGroup;
			children = (
				CC1947302024F35300712ECF /* AuthService.swift */,
				CC1947342029F36800712ECF /* UserDataService.swift */,
				CC194741202B439300712ECF /* MessageService.swift */,
				CC19474B202B661400712ECF /* SocketService.swift */,
			);
			path = Services;
			sourceTree = "<group>";
		};
		CC194740202A378F00712ECF /* XIBs */ = {
			isa = PBXGroup;
			children = (
				CC19473D202A376F00712ECF /* ProfileVC.xib */,
				CC194748202B5D3700712ECF /* AddChannelVC.xib */,
			);
			path = XIBs;
			sourceTree = "<group>";
		};
		CC75BB66202223A900A2FACF = {
			isa = PBXGroup;
			children = (
				CC75BB71202223A900A2FACF /* Smack */,
				CC75BB70202223A900A2FACF /* Products */,
				1BAD883B0A3F8745FFB1B191 /* Pods */,
				A2B7FE61580F35AC28DEAA94 /* Frameworks */,
			);
			sourceTree = "<group>";
		};
		CC75BB70202223A900A2FACF /* Products */ = {
			isa = PBXGroup;
			children = (
				CC75BB6F202223A900A2FACF /* Smack.app */,
			);
			name = Products;
			sourceTree = "<group>";
		};
		CC75BB71202223A900A2FACF /* Smack */ = {
			isa = PBXGroup;
			children = (
				CC194740202A378F00712ECF /* XIBs */,
				CC19472F2024F33B00712ECF /* Services */,
				CC75BB922023775400A2FACF /* Utilities */,
				CC75BB8B202358B800A2FACF /* Model */,
				CC75BB8A202358B300A2FACF /* View */,
				CC75BB89202358A800A2FACF /* Controller */,
				CC75BB8420222CD000A2FACF /* Supporting Files */,
				CC75BB72202223A900A2FACF /* AppDelegate.swift */,
				CC75BB76202223A900A2FACF /* Main.storyboard */,
				CC75BB79202223A900A2FACF /* Assets.xcassets */,
				CC75BB7B202223A900A2FACF /* LaunchScreen.storyboard */,
				CC75BB7E202223A900A2FACF /* Info.plist */,
			);
			path = Smack;
			sourceTree = "<group>";
		};
		CC75BB8420222CD000A2FACF /* Supporting Files */ = {
			isa = PBXGroup;
			children = (
				CC75BB8620222CEF00A2FACF /* SWRevealViewController.h */,
				CC75BB8720222CEF00A2FACF /* SWRevealViewController.m */,
				CC75BB8520222CEE00A2FACF /* Smack-Bridging-Header.h */,
			);
			path = "Supporting Files";
			sourceTree = "<group>";
		};
		CC75BB89202358A800A2FACF /* Controller */ = {
			isa = PBXGroup;
			children = (
				CC75BB8C202358DB00A2FACF /* ChatVC.swift */,
				CC75BB8E202358EB00A2FACF /* ChannelVC.swift */,
				CC75BB952023927B00A2FACF /* LoginVC.swift */,
				CC75BB972023942A00A2FACF /* CreateAccountVC.swift */,
				CC1947362029FD5D00712ECF /* AvatarPickerVC.swift */,
				CC19473C202A376F00712ECF /* ProfileVC.swift */,
				CC194747202B5D3700712ECF /* AddChannelVC.swift */,
			);
			path = Controller;
			sourceTree = "<group>";
		};
		CC75BB8A202358B300A2FACF /* View */ = {
			isa = PBXGroup;
			children = (
				CC75BB9020235DFD00A2FACF /* GradientView.swift */,
				CC1947322024FC9C00712ECF /* RoundedButton.swift */,
				CC1947382029FED400712ECF /* AvatarCell.swift */,
				CC19473A202A2C8E00712ECF /* CircleImage.swift */,
				CC194745202B4BBF00712ECF /* ChannelCell.swift */,
			);
			path = View;
			sourceTree = "<group>";
		};
		CC75BB8B202358B800A2FACF /* Model */ = {
			isa = PBXGroup;
			children = (
				CC194743202B43C900712ECF /* Channel.swift */,
			);
			path = Model;
			sourceTree = "<group>";
		};
		CC75BB922023775400A2FACF /* Utilities */ = {
			isa = PBXGroup;
			children = (
				CC75BB932023776900A2FACF /* Constants.swift */,
			);
			path = Utilities;
			sourceTree = "<group>";
		};
/* End PBXGroup section */

/* Begin PBXNativeTarget section */
		CC75BB6E202223A900A2FACF /* Smack */ = {
			isa = PBXNativeTarget;
			buildConfigurationList = CC75BB81202223A900A2FACF /* Build configuration list for PBXNativeTarget "Smack" */;
			buildPhases = (
				FC1BF8DBC24A2E409EED9E34 /* [CP] Check Pods Manifest.lock */,
				CC75BB6B202223A900A2FACF /* Sources */,
				CC75BB6C202223A900A2FACF /* Frameworks */,
				CC75BB6D202223A900A2FACF /* Resources */,
				6683B08FE4D667C492201098 /* [CP] Embed Pods Frameworks */,
				9B649181839491B8CB682FE1 /* [CP] Copy Pods Resources */,
			);
			buildRules = (
			);
			dependencies = (
			);
			name = Smack;
			productName = Smack;
			productReference = CC75BB6F202223A900A2FACF /* Smack.app */;
			productType = "com.apple.product-type.application";
		};
/* End PBXNativeTarget section */

/* Begin PBXProject section */
		CC75BB67202223A900A2FACF /* Project object */ = {
			isa = PBXProject;
			attributes = {
				LastSwiftUpdateCheck = 0920;
				LastUpgradeCheck = 0920;
				ORGANIZATIONNAME = david.roff;
				TargetAttributes = {
					CC75BB6E202223A900A2FACF = {
						CreatedOnToolsVersion = 9.2;
						LastSwiftMigration = 0920;
						ProvisioningStyle = Automatic;
					};
				};
			};
			buildConfigurationList = CC75BB6A202223A900A2FACF /* Build configuration list for PBXProject "Smack" */;
			compatibilityVersion = "Xcode 8.0";
			developmentRegion = en;
			hasScannedForEncodings = 0;
			knownRegions = (
				en,
				Base,
			);
			mainGroup = CC75BB66202223A900A2FACF;
			productRefGroup = CC75BB70202223A900A2FACF /* Products */;
			projectDirPath = "";
			projectRoot = "";
			targets = (
				CC75BB6E202223A900A2FACF /* Smack */,
			);
		};
/* End PBXProject section */

/* Begin PBXResourcesBuildPhase section */
		CC75BB6D202223A900A2FACF /* Resources */ = {
			isa = PBXResourcesBuildPhase;
			buildActionMask = 2147483647;
			files = (
				CC19474A202B5D3700712ECF /* AddChannelVC.xib in Resources */,
				CC19473F202A376F00712ECF /* ProfileVC.xib in Resources */,
				CC75BB7D202223A900A2FACF /* LaunchScreen.storyboard in Resources */,
				CC75BB7A202223A900A2FACF /* Assets.xcassets in Resources */,
				CC75BB78202223A900A2FACF /* Main.storyboard in Resources */,
			);
			runOnlyForDeploymentPostprocessing = 0;
		};
/* End PBXResourcesBuildPhase section */

/* Begin PBXShellScriptBuildPhase section */
		6683B08FE4D667C492201098 /* [CP] Embed Pods Frameworks */ = {
			isa = PBXShellScriptBuildPhase;
			buildActionMask = 2147483647;
			files = (
			);
			inputPaths = (
				"${SRCROOT}/Pods/Target Support Files/Pods-Smack/Pods-Smack-frameworks.sh",
				"${BUILT_PRODUCTS_DIR}/Alamofire/Alamofire.framework",
				"${BUILT_PRODUCTS_DIR}/Socket.IO-Client-Swift/SocketIO.framework",
				"${BUILT_PRODUCTS_DIR}/Starscream/Starscream.framework",
				"${BUILT_PRODUCTS_DIR}/SwiftyJSON/SwiftyJSON.framework",
			);
			name = "[CP] Embed Pods Frameworks";
			outputPaths = (
				"${TARGET_BUILD_DIR}/${FRAMEWORKS_FOLDER_PATH}/Alamofire.framework",
				"${TARGET_BUILD_DIR}/${FRAMEWORKS_FOLDER_PATH}/SocketIO.framework",
				"${TARGET_BUILD_DIR}/${FRAMEWORKS_FOLDER_PATH}/Starscream.framework",
				"${TARGET_BUILD_DIR}/${FRAMEWORKS_FOLDER_PATH}/SwiftyJSON.framework",
			);
			runOnlyForDeploymentPostprocessing = 0;
			shellPath = /bin/sh;
			shellScript = "\"${SRCROOT}/Pods/Target Support Files/Pods-Smack/Pods-Smack-frameworks.sh\"\n";
			showEnvVarsInLog = 0;
		};
		9B649181839491B8CB682FE1 /* [CP] Copy Pods Resources */ = {
			isa = PBXShellScriptBuildPhase;
			buildActionMask = 2147483647;
			files = (
			);
			inputPaths = (
			);
			name = "[CP] Copy Pods Resources";
			outputPaths = (
			);
			runOnlyForDeploymentPostprocessing = 0;
			shellPath = /bin/sh;
			shellScript = "\"${SRCROOT}/Pods/Target Support Files/Pods-Smack/Pods-Smack-resources.sh\"\n";
			showEnvVarsInLog = 0;
		};
		FC1BF8DBC24A2E409EED9E34 /* [CP] Check Pods Manifest.lock */ = {
			isa = PBXShellScriptBuildPhase;
			buildActionMask = 2147483647;
			files = (
			);
			inputPaths = (
				"${PODS_PODFILE_DIR_PATH}/Podfile.lock",
				"${PODS_ROOT}/Manifest.lock",
			);
			name = "[CP] Check Pods Manifest.lock";
			outputPaths = (
				"$(DERIVED_FILE_DIR)/Pods-Smack-checkManifestLockResult.txt",
			);
			runOnlyForDeploymentPostprocessing = 0;
			shellPath = /bin/sh;
			shellScript = "diff \"${PODS_PODFILE_DIR_PATH}/Podfile.lock\" \"${PODS_ROOT}/Manifest.lock\" > /dev/null\nif [ $? != 0 ] ; then\n    # print error to STDERR\n    echo \"error: The sandbox is not in sync with the Podfile.lock. Run 'pod install' or update your CocoaPods installation.\" >&2\n    exit 1\nfi\n# This output is used by Xcode 'outputs' to avoid re-running this script phase.\necho \"SUCCESS\" > \"${SCRIPT_OUTPUT_FILE_0}\"\n";
			showEnvVarsInLog = 0;
		};
/* End PBXShellScriptBuildPhase section */

/* Begin PBXSourcesBuildPhase section */
		CC75BB6B202223A900A2FACF /* Sources */ = {
			isa = PBXSourcesBuildPhase;
			buildActionMask = 2147483647;
			files = (
				CC19474C202B661400712ECF /* SocketService.swift in Sources */,
				CC19473E202A376F00712ECF /* ProfileVC.swift in Sources */,
				CC194746202B4BBF00712ECF /* ChannelCell.swift in Sources */,
				CC75BB8F202358EB00A2FACF /* ChannelVC.swift in Sources */,
				CC1947372029FD5D00712ECF /* AvatarPickerVC.swift in Sources */,
				CC1947332024FC9C00712ECF /* RoundedButton.swift in Sources */,
				CC194744202B43C900712ECF /* Channel.swift in Sources */,
				CC19473B202A2C8E00712ECF /* CircleImage.swift in Sources */,
				CC194742202B439300712ECF /* MessageService.swift in Sources */,
				CC75BB8D202358DB00A2FACF /* ChatVC.swift in Sources */,
				CC1947352029F36800712ECF /* UserDataService.swift in Sources */,
				CC75BB982023942A00A2FACF /* CreateAccountVC.swift in Sources */,
				CC1947312024F35300712ECF /* AuthService.swift in Sources */,
				CC75BB962023927B00A2FACF /* LoginVC.swift in Sources */,
				CC75BB9120235DFD00A2FACF /* GradientView.swift in Sources */,
				CC194749202B5D3700712ECF /* AddChannelVC.swift in Sources */,
				CC1947392029FED400712ECF /* AvatarCell.swift in Sources */,
				CC75BB73202223A900A2FACF /* AppDelegate.swift in Sources */,
				CC75BB8820222CEF00A2FACF /* SWRevealViewController.m in Sources */,
				CC75BB942023776900A2FACF /* Constants.swift in Sources */,
			);
			runOnlyForDeploymentPostprocessing = 0;
		};
/* End PBXSourcesBuildPhase section */

/* Begin PBXVariantGroup section */
		CC75BB76202223A900A2FACF /* Main.storyboard */ = {
			isa = PBXVariantGroup;
			children = (
				CC75BB77202223A900A2FACF /* Base */,
			);
			name = Main.storyboard;
			sourceTree = "<group>";
		};
		CC75BB7B202223A900A2FACF /* LaunchScreen.storyboard */ = {
			isa = PBXVariantGroup;
			children = (
				CC75BB7C202223A900A2FACF /* Base */,
			);
			name = LaunchScreen.storyboard;
			sourceTree = "<group>";
		};
/* End PBXVariantGroup section */

/* Begin XCBuildConfiguration section */
		CC75BB7F202223A900A2FACF /* Debug */ = {
			isa = XCBuildConfiguration;
			buildSettings = {
				ALWAYS_SEARCH_USER_PATHS = NO;
				CLANG_ANALYZER_NONNULL = YES;
				CLANG_ANALYZER_NUMBER_OBJECT_CONVERSION = YES_AGGRESSIVE;
				CLANG_CXX_LANGUAGE_STANDARD = "gnu++14";
				CLANG_CXX_LIBRARY = "libc++";
				CLANG_ENABLE_MODULES = YES;
				CLANG_ENABLE_OBJC_ARC = YES;
				CLANG_WARN_BLOCK_CAPTURE_AUTORELEASING = YES;
				CLANG_WARN_BOOL_CONVERSION = YES;
				CLANG_WARN_COMMA = YES;
				CLANG_WARN_CONSTANT_CONVERSION = YES;
				CLANG_WARN_DIRECT_OBJC_ISA_USAGE = YES_ERROR;
				CLANG_WARN_DOCUMENTATION_COMMENTS = YES;
				CLANG_WARN_EMPTY_BODY = YES;
				CLANG_WARN_ENUM_CONVERSION = YES;
				CLANG_WARN_INFINITE_RECURSION = YES;
				CLANG_WARN_INT_CONVERSION = YES;
				CLANG_WARN_NON_LITERAL_NULL_CONVERSION = YES;
				CLANG_WARN_OBJC_LITERAL_CONVERSION = YES;
				CLANG_WARN_OBJC_ROOT_CLASS = YES_ERROR;
				CLANG_WARN_RANGE_LOOP_ANALYSIS = YES;
				CLANG_WARN_STRICT_PROTOTYPES = YES;
				CLANG_WARN_SUSPICIOUS_MOVE = YES;
				CLANG_WARN_UNGUARDED_AVAILABILITY = YES_AGGRESSIVE;
				CLANG_WARN_UNREACHABLE_CODE = YES;
				CLANG_WARN__DUPLICATE_METHOD_MATCH = YES;
				CODE_SIGN_IDENTITY = "iPhone Developer";
				COPY_PHASE_STRIP = NO;
				DEBUG_INFORMATION_FORMAT = dwarf;
				ENABLE_STRICT_OBJC_MSGSEND = YES;
				ENABLE_TESTABILITY = YES;
				GCC_C_LANGUAGE_STANDARD = gnu11;
				GCC_DYNAMIC_NO_PIC = NO;
				GCC_NO_COMMON_BLOCKS = YES;
				GCC_OPTIMIZATION_LEVEL = 0;
				GCC_PREPROCESSOR_DEFINITIONS = (
					"DEBUG=1",
					"$(inherited)",
				);
				GCC_WARN_64_TO_32_BIT_CONVERSION = YES;
				GCC_WARN_ABOUT_RETURN_TYPE = YES_ERROR;
				GCC_WARN_UNDECLARED_SELECTOR = YES;
				GCC_WARN_UNINITIALIZED_AUTOS = YES_AGGRESSIVE;
				GCC_WARN_UNUSED_FUNCTION = YES;
				GCC_WARN_UNUSED_VARIABLE = YES;
				IPHONEOS_DEPLOYMENT_TARGET = 11.2;
				MTL_ENABLE_DEBUG_INFO = YES;
				ONLY_ACTIVE_ARCH = YES;
				SDKROOT = iphoneos;
				SWIFT_ACTIVE_COMPILATION_CONDITIONS = DEBUG;
				SWIFT_OPTIMIZATION_LEVEL = "-Onone";
			};
			name = Debug;
		};
		CC75BB80202223A900A2FACF /* Release */ = {
			isa = XCBuildConfiguration;
			buildSettings = {
				ALWAYS_SEARCH_USER_PATHS = NO;
				CLANG_ANALYZER_NONNULL = YES;
				CLANG_ANALYZER_NUMBER_OBJECT_CONVERSION = YES_AGGRESSIVE;
				CLANG_CXX_LANGUAGE_STANDARD = "gnu++14";
				CLANG_CXX_LIBRARY = "libc++";
				CLANG_ENABLE_MODULES = YES;
				CLANG_ENABLE_OBJC_ARC = YES;
				CLANG_WARN_BLOCK_CAPTURE_AUTORELEASING = YES;
				CLANG_WARN_BOOL_CONVERSION = YES;
				CLANG_WARN_COMMA = YES;
				CLANG_WARN_CONSTANT_CONVERSION = YES;
				CLANG_WARN_DIRECT_OBJC_ISA_USAGE = YES_ERROR;
				CLANG_WARN_DOCUMENTATION_COMMENTS = YES;
				CLANG_WARN_EMPTY_BODY = YES;
				CLANG_WARN_ENUM_CONVERSION = YES;
				CLANG_WARN_INFINITE_RECURSION = YES;
				CLANG_WARN_INT_CONVERSION = YES;
				CLANG_WARN_NON_LITERAL_NULL_CONVERSION = YES;
				CLANG_WARN_OBJC_LITERAL_CONVERSION = YES;
				CLANG_WARN_OBJC_ROOT_CLASS = YES_ERROR;
				CLANG_WARN_RANGE_LOOP_ANALYSIS = YES;
				CLANG_WARN_STRICT_PROTOTYPES = YES;
				CLANG_WARN_SUSPICIOUS_MOVE = YES;
				CLANG_WARN_UNGUARDED_AVAILABILITY = YES_AGGRESSIVE;
				CLANG_WARN_UNREACHABLE_CODE = YES;
				CLANG_WARN__DUPLICATE_METHOD_MATCH = YES;
				CODE_SIGN_IDENTITY = "iPhone Developer";
				COPY_PHASE_STRIP = NO;
				DEBUG_INFORMATION_FORMAT = "dwarf-with-dsym";
				ENABLE_NS_ASSERTIONS = NO;
				ENABLE_STRICT_OBJC_MSGSEND = YES;
				GCC_C_LANGUAGE_STANDARD = gnu11;
				GCC_NO_COMMON_BLOCKS = YES;
				GCC_WARN_64_TO_32_BIT_CONVERSION = YES;
				GCC_WARN_ABOUT_RETURN_TYPE = YES_ERROR;
				GCC_WARN_UNDECLARED_SELECTOR = YES;
				GCC_WARN_UNINITIALIZED_AUTOS = YES_AGGRESSIVE;
				GCC_WARN_UNUSED_FUNCTION = YES;
				GCC_WARN_UNUSED_VARIABLE = YES;
				IPHONEOS_DEPLOYMENT_TARGET = 11.2;
				MTL_ENABLE_DEBUG_INFO = NO;
				SDKROOT = iphoneos;
				SWIFT_OPTIMIZATION_LEVEL = "-Owholemodule";
				VALIDATE_PRODUCT = YES;
			};
			name = Release;
		};
		CC75BB82202223A900A2FACF /* Debug */ = {
			isa = XCBuildConfiguration;
			baseConfigurationReference = 5ACA93F8A9306349A39C6461 /* Pods-Smack.debug.xcconfig */;
			buildSettings = {
				ASSETCATALOG_COMPILER_APPICON_NAME = AppIcon;
				CLANG_ENABLE_MODULES = YES;
				CODE_SIGN_STYLE = Automatic;
				DEVELOPMENT_TEAM = 4AX7M5P46D;
				INFOPLIST_FILE = Smack/Info.plist;
				LD_RUNPATH_SEARCH_PATHS = "$(inherited) @executable_path/Frameworks";
				PRODUCT_BUNDLE_IDENTIFIER = com.droff.Smack;
				PRODUCT_NAME = "$(TARGET_NAME)";
				SWIFT_OBJC_BRIDGING_HEADER = "Smack/Supporting Files/Smack-Bridging-Header.h";
				SWIFT_OPTIMIZATION_LEVEL = "-Onone";
				SWIFT_VERSION = 4.0;
				TARGETED_DEVICE_FAMILY = "1,2";
			};
			name = Debug;
		};
		CC75BB83202223A900A2FACF /* Release */ = {
			isa = XCBuildConfiguration;
			baseConfigurationReference = 428A4B7F1EFB9EE7197381F1 /* Pods-Smack.release.xcconfig */;
			buildSettings = {
				ASSETCATALOG_COMPILER_APPICON_NAME = AppIcon;
				CLANG_ENABLE_MODULES = YES;
				CODE_SIGN_STYLE = Automatic;
				DEVELOPMENT_TEAM = 4AX7M5P46D;
				INFOPLIST_FILE = Smack/Info.plist;
				LD_RUNPATH_SEARCH_PATHS = "$(inherited) @executable_path/Frameworks";
				PRODUCT_BUNDLE_IDENTIFIER = com.droff.Smack;
				PRODUCT_NAME = "$(TARGET_NAME)";
				SWIFT_OBJC_BRIDGING_HEADER = "Smack/Supporting Files/Smack-Bridging-Header.h";
				SWIFT_VERSION = 4.0;
				TARGETED_DEVICE_FAMILY = "1,2";
			};
			name = Release;
		};
/* End XCBuildConfiguration section */

/* Begin XCConfigurationList section */
		CC75BB6A202223A900A2FACF /* Build configuration list for PBXProject "Smack" */ = {
			isa = XCConfigurationList;
			buildConfigurations = (
				CC75BB7F202223A900A2FACF /* Debug */,
				CC75BB80202223A900A2FACF /* Release */,
			);
			defaultConfigurationIsVisible = 0;
			defaultConfigurationName = Release;
		};
		CC75BB81202223A900A2FACF /* Build configuration list for PBXNativeTarget "Smack" */ = {
			isa = XCConfigurationList;
			buildConfigurations = (
				CC75BB82202223A900A2FACF /* Debug */,
				CC75BB83202223A900A2FACF /* Release */,
			);
			defaultConfigurationIsVisible = 0;
			defaultConfigurationName = Release;
		};
/* End XCConfigurationList section */
	};
	rootObject = CC75BB67202223A900A2FACF /* Project object */;
}
